
Microsoft Visual Studio Solution File, Format Version 12.00
# Visual Studio Version 17
VisualStudioVersion = 17.10.35013.160
MinimumVisualStudioVersion = 10.0.40219.1
Project("{2150E333-8FDC-42A3-9474-1A3956D46DE8}") = "Core", "Core", "{26A7E5BC-7573-4B22-A0FC-2AAB1D04AA95}"
EndProject
Project("{FAE04EC0-301F-11D3-BF4B-00C04F79EFBC}") = "EmployeeManagement.Application", "Core\EmployeeManagement.Application\EmployeeManagement.Application.csproj", "{0FE22FE9-BCCF-48A2-9A36-4E166CEA86E7}"
EndProject
Project("{FAE04EC0-301F-11D3-BF4B-00C04F79EFBC}") = "EmployeeManagement.Domain", "Core\EmployeeManagement.Domain\EmployeeManagement.Domain.csproj", "{FB1E0495-0F0D-4D3F-A623-C8891532E8C8}"
EndProject
Project("{2150E333-8FDC-42A3-9474-1A3956D46DE8}") = "Infrastructure", "Infrastructure", "{74A8CE34-F95A-439C-B4B6-12A224872D04}"
EndProject
Project("{FAE04EC0-301F-11D3-BF4B-00C04F79EFBC}") = "EmployeeManagement.Persistence", "Infrastructure\EmployeeManagement.Persistence\EmployeeManagement.Persistence.csproj", "{1D60BADB-C561-41A4-8721-5F2F94C67C58}"
EndProject
Project("{2150E333-8FDC-42A3-9474-1A3956D46DE8}") = "Presentation", "Presentation", "{0FFA0BBF-662B-4C0A-9A66-7EF8C9E8D58C}"
EndProject
Project("{FAE04EC0-301F-11D3-BF4B-00C04F79EFBC}") = "EmployeeManagement.Api", "Presentation\EmployeeManagement.Api\EmployeeManagement.Api.csproj", "{534498DA-58D9-480A-97D2-457E4296BB20}"
EndProject
Global
	GlobalSection(SolutionConfigurationPlatforms) = preSolution
		Debug|Any CPU = Debug|Any CPU
		Release|Any CPU = Release|Any CPU
	EndGlobalSection
	GlobalSection(ProjectConfigurationPlatforms) = postSolution
		{0FE22FE9-BCCF-48A2-9A36-4E166CEA86E7}.Debug|Any CPU.ActiveCfg = Debug|Any CPU
		{0FE22FE9-BCCF-48A2-9A36-4E166CEA86E7}.Debug|Any CPU.Build.0 = Debug|Any CPU
		{0FE22FE9-BCCF-48A2-9A36-4E166CEA86E7}.Release|Any CPU.ActiveCfg = Release|Any CPU
		{0FE22FE9-BCCF-48A2-9A36-4E166CEA86E7}.Release|Any CPU.Build.0 = Release|Any CPU
		{FB1E0495-0F0D-4D3F-A623-C8891532E8C8}.Debug|Any CPU.ActiveCfg = Debug|Any CPU
		{FB1E0495-0F0D-4D3F-A623-C8891532E8C8}.Debug|Any CPU.Build.0 = Debug|Any CPU
		{FB1E0495-0F0D-4D3F-A623-C8891532E8C8}.Release|Any CPU.ActiveCfg = Release|Any CPU
		{FB1E0495-0F0D-4D3F-A623-C8891532E8C8}.Release|Any CPU.Build.0 = Release|Any CPU
		{1D60BADB-C561-41A4-8721-5F2F94C67C58}.Debug|Any CPU.ActiveCfg = Debug|Any CPU
		{1D60BADB-C561-41A4-8721-5F2F94C67C58}.Debug|Any CPU.Build.0 = Debug|Any CPU
		{1D60BADB-C561-41A4-8721-5F2F94C67C58}.Release|Any CPU.ActiveCfg = Release|Any CPU
		{1D60BADB-C561-41A4-8721-5F2F94C67C58}.Release|Any CPU.Build.0 = Release|Any CPU
		{534498DA-58D9-480A-97D2-457E4296BB20}.Debug|Any CPU.ActiveCfg = Debug|Any CPU
		{534498DA-58D9-480A-97D2-457E4296BB20}.Debug|Any CPU.Build.0 = Debug|Any CPU
		{534498DA-58D9-480A-97D2-457E4296BB20}.Release|Any CPU.ActiveCfg = Release|Any CPU
		{534498DA-58D9-480A-97D2-457E4296BB20}.Release|Any CPU.Build.0 = Release|Any CPU
	EndGlobalSection
	GlobalSection(SolutionProperties) = preSolution
		HideSolutionNode = FALSE
	EndGlobalSection
	GlobalSection(NestedProjects) = preSolution
		{0FE22FE9-BCCF-48A2-9A36-4E166CEA86E7} = {26A7E5BC-7573-4B22-A0FC-2AAB1D04AA95}
		{FB1E0495-0F0D-4D3F-A623-C8891532E8C8} = {26A7E5BC-7573-4B22-A0FC-2AAB1D04AA95}
		{1D60BADB-C561-41A4-8721-5F2F94C67C58} = {74A8CE34-F95A-439C-B4B6-12A224872D04}
		{534498DA-58D9-480A-97D2-457E4296BB20} = {0FFA0BBF-662B-4C0A-9A66-7EF8C9E8D58C}
	EndGlobalSection
	GlobalSection(ExtensibilityGlobals) = postSolution
		SolutionGuid = {50796D5D-D6F2-4E9A-85E6-376A31F25EC3}
	EndGlobalSection
EndGlobal
